
Microsoft Visual Studio Solution File, Format Version 12.00
Project("{FAE04EC0-301F-11D3-BF4B-00C04F79EFBC}") = "PracticalApprouchToReplatform.Gateway", "PracticalApprouchToReplatform.Gateway\PracticalApprouchToReplatform.Gateway.csproj", "{557F4366-F099-4611-970D-E55F454E4B44}"
EndProject
Project("{FAE04EC0-301F-11D3-BF4B-00C04F79EFBC}") = "PracticalApprouchToReplatform.New", "PracticalApprouchToReplatform.New\PracticalApprouchToReplatform.New.csproj", "{C89377CC-9053-4813-8EE8-1DCE3F6841EF}"
EndProject
Project("{FAE04EC0-301F-11D3-BF4B-00C04F79EFBC}") = "PracticalApprouchToReplatform.Legacy", "PracticalApprouchToReplatform.Legacy\PracticalApprouchToReplatform.Legacy.csproj", "{11141999-E3AD-4A87-86A3-A4BA8BD7CFCD}"
EndProject
Global
	GlobalSection(SolutionConfigurationPlatforms) = preSolution
		Debug|Any CPU = Debug|Any CPU
		Release|Any CPU = Release|Any CPU
	EndGlobalSection
	GlobalSection(ProjectConfigurationPlatforms) = postSolution
		{557F4366-F099-4611-970D-E55F454E4B44}.Debug|Any CPU.ActiveCfg = Debug|Any CPU
		{557F4366-F099-4611-970D-E55F454E4B44}.Debug|Any CPU.Build.0 = Debug|Any CPU
		{557F4366-F099-4611-970D-E55F454E4B44}.Release|Any CPU.ActiveCfg = Release|Any CPU
		{557F4366-F099-4611-970D-E55F454E4B44}.Release|Any CPU.Build.0 = Release|Any CPU
		{C89377CC-9053-4813-8EE8-1DCE3F6841EF}.Debug|Any CPU.ActiveCfg = Debug|Any CPU
		{C89377CC-9053-4813-8EE8-1DCE3F6841EF}.Debug|Any CPU.Build.0 = Debug|Any CPU
		{C89377CC-9053-4813-8EE8-1DCE3F6841EF}.Release|Any CPU.ActiveCfg = Release|Any CPU
		{C89377CC-9053-4813-8EE8-1DCE3F6841EF}.Release|Any CPU.Build.0 = Release|Any CPU
		{11141999-E3AD-4A87-86A3-A4BA8BD7CFCD}.Debug|Any CPU.ActiveCfg = Debug|Any CPU
		{11141999-E3AD-4A87-86A3-A4BA8BD7CFCD}.Debug|Any CPU.Build.0 = Debug|Any CPU
		{11141999-E3AD-4A87-86A3-A4BA8BD7CFCD}.Release|Any CPU.ActiveCfg = Release|Any CPU
		{11141999-E3AD-4A87-86A3-A4BA8BD7CFCD}.Release|Any CPU.Build.0 = Release|Any CPU
	EndGlobalSection
EndGlobal
