
Microsoft Visual Studio Solution File, Format Version 12.00
Project("{FAE04EC0-301F-11D3-BF4B-00C04F79EFBC}") = "PracticalApprouchToReplatform.Gateway.Api", "PracticalApprouchToReplatform.Gateway.Api\PracticalApprouchToReplatform.Gateway.Api.csproj", "{557F4366-F099-4611-970D-E55F454E4B44}"
EndProject
Project("{FAE04EC0-301F-11D3-BF4B-00C04F79EFBC}") = "PracticalApprouchToReplatform.Legacy.Api", "PracticalApprouchToReplatform.Legacy.Api\PracticalApprouchToReplatform.Legacy.Api.csproj", "{57D73F74-869D-428E-A2A6-0BD4A11C81CB}"
EndProject
Project("{FAE04EC0-301F-11D3-BF4B-00C04F79EFBC}") = "PracticalApprouchToReplatform.New.Api", "PracticalApprouchToReplatform.New.Api\PracticalApprouchToReplatform.New.Api.csproj", "{A765297B-153D-4F97-90FF-D4F739B13CB1}"
EndProject
Project("{FAE04EC0-301F-11D3-BF4B-00C04F79EFBC}") = "PracticalApprouchToReplatform.Legacy.UI", "PracticalApprouchToReplatform.Legacy.UI\PracticalApprouchToReplatform.Legacy.UI.csproj", "{3651EE29-30D1-43D6-BA2E-F61FAD633E50}"
EndProject
Project("{FAE04EC0-301F-11D3-BF4B-00C04F79EFBC}") = "PracticalApprouchToReplatform.New.UI", "PracticalApprouchToReplatform.New.UI\PracticalApprouchToReplatform.New.UI.csproj", "{27610097-CE6B-4F71-81A6-7A06B40E1A99}"
EndProject
Global
	GlobalSection(SolutionConfigurationPlatforms) = preSolution
		Debug|Any CPU = Debug|Any CPU
		Release|Any CPU = Release|Any CPU
	EndGlobalSection
	GlobalSection(ProjectConfigurationPlatforms) = postSolution
		{557F4366-F099-4611-970D-E55F454E4B44}.Debug|Any CPU.ActiveCfg = Debug|Any CPU
		{557F4366-F099-4611-970D-E55F454E4B44}.Debug|Any CPU.Build.0 = Debug|Any CPU
		{557F4366-F099-4611-970D-E55F454E4B44}.Release|Any CPU.ActiveCfg = Release|Any CPU
		{557F4366-F099-4611-970D-E55F454E4B44}.Release|Any CPU.Build.0 = Release|Any CPU
		{57D73F74-869D-428E-A2A6-0BD4A11C81CB}.Debug|Any CPU.ActiveCfg = Debug|Any CPU
		{57D73F74-869D-428E-A2A6-0BD4A11C81CB}.Debug|Any CPU.Build.0 = Debug|Any CPU
		{57D73F74-869D-428E-A2A6-0BD4A11C81CB}.Release|Any CPU.ActiveCfg = Release|Any CPU
		{57D73F74-869D-428E-A2A6-0BD4A11C81CB}.Release|Any CPU.Build.0 = Release|Any CPU
		{A765297B-153D-4F97-90FF-D4F739B13CB1}.Debug|Any CPU.ActiveCfg = Debug|Any CPU
		{A765297B-153D-4F97-90FF-D4F739B13CB1}.Debug|Any CPU.Build.0 = Debug|Any CPU
		{A765297B-153D-4F97-90FF-D4F739B13CB1}.Release|Any CPU.ActiveCfg = Release|Any CPU
		{A765297B-153D-4F97-90FF-D4F739B13CB1}.Release|Any CPU.Build.0 = Release|Any CPU
		{3651EE29-30D1-43D6-BA2E-F61FAD633E50}.Debug|Any CPU.ActiveCfg = Debug|Any CPU
		{3651EE29-30D1-43D6-BA2E-F61FAD633E50}.Debug|Any CPU.Build.0 = Debug|Any CPU
		{3651EE29-30D1-43D6-BA2E-F61FAD633E50}.Release|Any CPU.ActiveCfg = Release|Any CPU
		{3651EE29-30D1-43D6-BA2E-F61FAD633E50}.Release|Any CPU.Build.0 = Release|Any CPU
		{27610097-CE6B-4F71-81A6-7A06B40E1A99}.Debug|Any CPU.ActiveCfg = Debug|Any CPU
		{27610097-CE6B-4F71-81A6-7A06B40E1A99}.Debug|Any CPU.Build.0 = Debug|Any CPU
		{27610097-CE6B-4F71-81A6-7A06B40E1A99}.Release|Any CPU.ActiveCfg = Release|Any CPU
		{27610097-CE6B-4F71-81A6-7A06B40E1A99}.Release|Any CPU.Build.0 = Release|Any CPU
	EndGlobalSection
EndGlobal
